
Microsoft Visual Studio Solution File, Format Version 12.00
# Visual Studio 15
Project("{FAE04EC0-301F-11D3-BF4B-00C04F79EFBC}") = "Redmine.Android", "Redmine.Android\Redmine.Android.csproj", "{F607CF13-CF55-4DF5-A8EE-65AA9E17739F}"
EndProject
Project("{FAE04EC0-301F-11D3-BF4B-00C04F79EFBC}") = "Redmine.iOS", "Redmine.iOS\Redmine.iOS.csproj", "{C4CD8822-774D-4DBE-B2BB-5D95D89E7A44}"
EndProject
Project("{FAE04EC0-301F-11D3-BF4B-00C04F79EFBC}") = "Redmine.UITests", "Redmine.UITests\Redmine.UITests.csproj", "{B19C892E-2628-4CA7-AD27-08D406A3B14B}"
EndProject
Project("{FAE04EC0-301F-11D3-BF4B-00C04F79EFBC}") = "Redmine", "Redmine\Redmine.csproj", "{6C10BA9F-B90D-4EFB-86EC-4558F4461A19}"
EndProject
Project("{FAE04EC0-301F-11D3-BF4B-00C04F79EFBC}") = "Redmine.MacOs", "Redmine.MacOs\Redmine.MacOs.csproj", "{35BCDEB3-FF3E-4688-A415-D0FA5823AA5D}"
EndProject
Project("{2150E333-8FDC-42A3-9474-1A3956D46DE8}") = "Modules", "Modules", "{CCDF2A5B-62F9-4371-88C6-D058DBB92903}"
EndProject
Project("{FAE04EC0-301F-11D3-BF4B-00C04F79EFBC}") = "Redmine.ViewModels", "Redmine.ViewModels\Redmine.ViewModels.csproj", "{7756A49E-2193-49A2-ABD1-30E2D69FD37A}"
EndProject
Project("{FAE04EC0-301F-11D3-BF4B-00C04F79EFBC}") = "Redmine.Services", "Redmine.Services\Redmine.Services.csproj", "{00CFB4BD-14EB-4A35-8EBE-50E060EA45E4}"
EndProject
Project("{FAE04EC0-301F-11D3-BF4B-00C04F79EFBC}") = "Redmine.Models", "Redmine.Models\Redmine.Models.csproj", "{25977592-827B-46FC-A38D-BDA3B5A79712}"
EndProject
Project("{2150E333-8FDC-42A3-9474-1A3956D46DE8}") = "UnitTests", "UnitTests", "{FA4687CF-24F2-4045-9C9A-5EDB31756952}"
EndProject
Project("{FAE04EC0-301F-11D3-BF4B-00C04F79EFBC}") = "Redmine.ViewModel.Tests", "Redmine.ViewModel.Tests\Redmine.ViewModel.Tests.csproj", "{261CC97C-17BB-46FF-A445-5A14A4524F6C}"
EndProject
Project("{2150E333-8FDC-42A3-9474-1A3956D46DE8}") = "Solution Items", "Solution Items", "{4787DCEE-FE01-456E-9AA0-60582398F6FF}"
	ProjectSection(SolutionItems) = preProject
		NuGet.Config = NuGet.Config
	EndProjectSection
EndProject
Global
	GlobalSection(SolutionConfigurationPlatforms) = preSolution
		Debug|Any CPU = Debug|Any CPU
		Release|Any CPU = Release|Any CPU
		Debug|iPhoneSimulator = Debug|iPhoneSimulator
		Release|iPhoneSimulator = Release|iPhoneSimulator
		Debug|iPhone = Debug|iPhone
		Release|iPhone = Release|iPhone
		Ad-Hoc|iPhone = Ad-Hoc|iPhone
		AppStore|iPhone = AppStore|iPhone
		DebugXML|Any CPU = DebugXML|Any CPU
		DebugJSON|Any CPU = DebugJSON|Any CPU
		DebugJson|Any CPU = DebugJson|Any CPU
		Samples|Any CPU = Samples|Any CPU
	EndGlobalSection
	GlobalSection(ProjectConfigurationPlatforms) = postSolution
		{F607CF13-CF55-4DF5-A8EE-65AA9E17739F}.Debug|Any CPU.ActiveCfg = Debug|Any CPU
		{F607CF13-CF55-4DF5-A8EE-65AA9E17739F}.Debug|Any CPU.Build.0 = Debug|Any CPU
		{F607CF13-CF55-4DF5-A8EE-65AA9E17739F}.Release|Any CPU.ActiveCfg = Release|Any CPU
		{F607CF13-CF55-4DF5-A8EE-65AA9E17739F}.Release|Any CPU.Build.0 = Release|Any CPU
		{F607CF13-CF55-4DF5-A8EE-65AA9E17739F}.Debug|iPhoneSimulator.ActiveCfg = Debug|Any CPU
		{F607CF13-CF55-4DF5-A8EE-65AA9E17739F}.Debug|iPhoneSimulator.Build.0 = Debug|Any CPU
		{F607CF13-CF55-4DF5-A8EE-65AA9E17739F}.Release|iPhoneSimulator.ActiveCfg = Release|Any CPU
		{F607CF13-CF55-4DF5-A8EE-65AA9E17739F}.Release|iPhoneSimulator.Build.0 = Release|Any CPU
		{F607CF13-CF55-4DF5-A8EE-65AA9E17739F}.Debug|iPhone.ActiveCfg = Debug|Any CPU
		{F607CF13-CF55-4DF5-A8EE-65AA9E17739F}.Debug|iPhone.Build.0 = Debug|Any CPU
		{F607CF13-CF55-4DF5-A8EE-65AA9E17739F}.Release|iPhone.ActiveCfg = Release|Any CPU
		{F607CF13-CF55-4DF5-A8EE-65AA9E17739F}.Release|iPhone.Build.0 = Release|Any CPU
		{F607CF13-CF55-4DF5-A8EE-65AA9E17739F}.Ad-Hoc|iPhone.ActiveCfg = Debug|Any CPU
		{F607CF13-CF55-4DF5-A8EE-65AA9E17739F}.Ad-Hoc|iPhone.Build.0 = Debug|Any CPU
		{F607CF13-CF55-4DF5-A8EE-65AA9E17739F}.AppStore|iPhone.ActiveCfg = Debug|Any CPU
		{F607CF13-CF55-4DF5-A8EE-65AA9E17739F}.AppStore|iPhone.Build.0 = Debug|Any CPU
		{F607CF13-CF55-4DF5-A8EE-65AA9E17739F}.DebugXML|Any CPU.ActiveCfg = Debug|Any CPU
		{F607CF13-CF55-4DF5-A8EE-65AA9E17739F}.DebugXML|Any CPU.Build.0 = Debug|Any CPU
		{F607CF13-CF55-4DF5-A8EE-65AA9E17739F}.DebugJSON|Any CPU.ActiveCfg = Debug|Any CPU
		{F607CF13-CF55-4DF5-A8EE-65AA9E17739F}.DebugJSON|Any CPU.Build.0 = Debug|Any CPU
		{F607CF13-CF55-4DF5-A8EE-65AA9E17739F}.DebugJson|Any CPU.ActiveCfg = Debug|Any CPU
		{F607CF13-CF55-4DF5-A8EE-65AA9E17739F}.DebugJson|Any CPU.Build.0 = Debug|Any CPU
		{F607CF13-CF55-4DF5-A8EE-65AA9E17739F}.Samples|Any CPU.ActiveCfg = Debug|Any CPU
		{F607CF13-CF55-4DF5-A8EE-65AA9E17739F}.Samples|Any CPU.Build.0 = Debug|Any CPU
		{C4CD8822-774D-4DBE-B2BB-5D95D89E7A44}.Debug|Any CPU.ActiveCfg = Debug|iPhoneSimulator
		{C4CD8822-774D-4DBE-B2BB-5D95D89E7A44}.Debug|Any CPU.Build.0 = Debug|iPhoneSimulator
		{C4CD8822-774D-4DBE-B2BB-5D95D89E7A44}.Release|Any CPU.ActiveCfg = Release|iPhoneSimulator
		{C4CD8822-774D-4DBE-B2BB-5D95D89E7A44}.Release|Any CPU.Build.0 = Release|iPhoneSimulator
		{C4CD8822-774D-4DBE-B2BB-5D95D89E7A44}.Debug|iPhoneSimulator.ActiveCfg = Debug|iPhoneSimulator
		{C4CD8822-774D-4DBE-B2BB-5D95D89E7A44}.Debug|iPhoneSimulator.Build.0 = Debug|iPhoneSimulator
		{C4CD8822-774D-4DBE-B2BB-5D95D89E7A44}.Release|iPhoneSimulator.ActiveCfg = Release|iPhoneSimulator
		{C4CD8822-774D-4DBE-B2BB-5D95D89E7A44}.Release|iPhoneSimulator.Build.0 = Release|iPhoneSimulator
		{C4CD8822-774D-4DBE-B2BB-5D95D89E7A44}.Debug|iPhone.ActiveCfg = Debug|iPhone
		{C4CD8822-774D-4DBE-B2BB-5D95D89E7A44}.Debug|iPhone.Build.0 = Debug|iPhone
		{C4CD8822-774D-4DBE-B2BB-5D95D89E7A44}.Release|iPhone.ActiveCfg = Release|iPhone
		{C4CD8822-774D-4DBE-B2BB-5D95D89E7A44}.Release|iPhone.Build.0 = Release|iPhone
		{C4CD8822-774D-4DBE-B2BB-5D95D89E7A44}.Ad-Hoc|iPhone.ActiveCfg = Ad-Hoc|iPhone
		{C4CD8822-774D-4DBE-B2BB-5D95D89E7A44}.Ad-Hoc|iPhone.Build.0 = Ad-Hoc|iPhone
		{C4CD8822-774D-4DBE-B2BB-5D95D89E7A44}.AppStore|iPhone.ActiveCfg = AppStore|iPhone
		{C4CD8822-774D-4DBE-B2BB-5D95D89E7A44}.AppStore|iPhone.Build.0 = AppStore|iPhone
		{C4CD8822-774D-4DBE-B2BB-5D95D89E7A44}.DebugXML|Any CPU.ActiveCfg = Debug|iPhoneSimulator
		{C4CD8822-774D-4DBE-B2BB-5D95D89E7A44}.DebugXML|Any CPU.Build.0 = Debug|iPhoneSimulator
		{C4CD8822-774D-4DBE-B2BB-5D95D89E7A44}.DebugJSON|Any CPU.ActiveCfg = Debug|iPhoneSimulator
		{C4CD8822-774D-4DBE-B2BB-5D95D89E7A44}.DebugJSON|Any CPU.Build.0 = Debug|iPhoneSimulator
		{C4CD8822-774D-4DBE-B2BB-5D95D89E7A44}.DebugJson|Any CPU.ActiveCfg = Debug|iPhoneSimulator
		{C4CD8822-774D-4DBE-B2BB-5D95D89E7A44}.DebugJson|Any CPU.Build.0 = Debug|iPhoneSimulator
		{C4CD8822-774D-4DBE-B2BB-5D95D89E7A44}.Samples|Any CPU.ActiveCfg = Debug|iPhoneSimulator
		{C4CD8822-774D-4DBE-B2BB-5D95D89E7A44}.Samples|Any CPU.Build.0 = Debug|iPhoneSimulator
		{B19C892E-2628-4CA7-AD27-08D406A3B14B}.Debug|Any CPU.ActiveCfg = Debug|Any CPU
		{B19C892E-2628-4CA7-AD27-08D406A3B14B}.Debug|Any CPU.Build.0 = Debug|Any CPU
		{B19C892E-2628-4CA7-AD27-08D406A3B14B}.Release|Any CPU.ActiveCfg = Release|Any CPU
		{B19C892E-2628-4CA7-AD27-08D406A3B14B}.Release|Any CPU.Build.0 = Release|Any CPU
		{B19C892E-2628-4CA7-AD27-08D406A3B14B}.Debug|iPhoneSimulator.ActiveCfg = Debug|Any CPU
		{B19C892E-2628-4CA7-AD27-08D406A3B14B}.Debug|iPhoneSimulator.Build.0 = Debug|Any CPU
		{B19C892E-2628-4CA7-AD27-08D406A3B14B}.Release|iPhoneSimulator.ActiveCfg = Release|Any CPU
		{B19C892E-2628-4CA7-AD27-08D406A3B14B}.Release|iPhoneSimulator.Build.0 = Release|Any CPU
		{B19C892E-2628-4CA7-AD27-08D406A3B14B}.Debug|iPhone.ActiveCfg = Debug|Any CPU
		{B19C892E-2628-4CA7-AD27-08D406A3B14B}.Debug|iPhone.Build.0 = Debug|Any CPU
		{B19C892E-2628-4CA7-AD27-08D406A3B14B}.Release|iPhone.ActiveCfg = Release|Any CPU
		{B19C892E-2628-4CA7-AD27-08D406A3B14B}.Release|iPhone.Build.0 = Release|Any CPU
		{B19C892E-2628-4CA7-AD27-08D406A3B14B}.Ad-Hoc|iPhone.ActiveCfg = Debug|Any CPU
		{B19C892E-2628-4CA7-AD27-08D406A3B14B}.Ad-Hoc|iPhone.Build.0 = Debug|Any CPU
		{B19C892E-2628-4CA7-AD27-08D406A3B14B}.AppStore|iPhone.ActiveCfg = Debug|Any CPU
		{B19C892E-2628-4CA7-AD27-08D406A3B14B}.AppStore|iPhone.Build.0 = Debug|Any CPU
		{B19C892E-2628-4CA7-AD27-08D406A3B14B}.DebugXML|Any CPU.ActiveCfg = Debug|Any CPU
		{B19C892E-2628-4CA7-AD27-08D406A3B14B}.DebugXML|Any CPU.Build.0 = Debug|Any CPU
		{B19C892E-2628-4CA7-AD27-08D406A3B14B}.DebugJSON|Any CPU.ActiveCfg = Debug|Any CPU
		{B19C892E-2628-4CA7-AD27-08D406A3B14B}.DebugJSON|Any CPU.Build.0 = Debug|Any CPU
		{B19C892E-2628-4CA7-AD27-08D406A3B14B}.DebugJson|Any CPU.ActiveCfg = Debug|Any CPU
		{B19C892E-2628-4CA7-AD27-08D406A3B14B}.DebugJson|Any CPU.Build.0 = Debug|Any CPU
		{B19C892E-2628-4CA7-AD27-08D406A3B14B}.Samples|Any CPU.ActiveCfg = Debug|Any CPU
		{B19C892E-2628-4CA7-AD27-08D406A3B14B}.Samples|Any CPU.Build.0 = Debug|Any CPU
		{6C10BA9F-B90D-4EFB-86EC-4558F4461A19}.Debug|Any CPU.ActiveCfg = Debug|Any CPU
		{6C10BA9F-B90D-4EFB-86EC-4558F4461A19}.Debug|Any CPU.Build.0 = Debug|Any CPU
		{6C10BA9F-B90D-4EFB-86EC-4558F4461A19}.Release|Any CPU.ActiveCfg = Release|Any CPU
		{6C10BA9F-B90D-4EFB-86EC-4558F4461A19}.Release|Any CPU.Build.0 = Release|Any CPU
		{6C10BA9F-B90D-4EFB-86EC-4558F4461A19}.Debug|iPhoneSimulator.ActiveCfg = Debug|Any CPU
		{6C10BA9F-B90D-4EFB-86EC-4558F4461A19}.Debug|iPhoneSimulator.Build.0 = Debug|Any CPU
		{6C10BA9F-B90D-4EFB-86EC-4558F4461A19}.Release|iPhoneSimulator.ActiveCfg = Release|Any CPU
		{6C10BA9F-B90D-4EFB-86EC-4558F4461A19}.Release|iPhoneSimulator.Build.0 = Release|Any CPU
		{6C10BA9F-B90D-4EFB-86EC-4558F4461A19}.Debug|iPhone.ActiveCfg = Debug|Any CPU
		{6C10BA9F-B90D-4EFB-86EC-4558F4461A19}.Debug|iPhone.Build.0 = Debug|Any CPU
		{6C10BA9F-B90D-4EFB-86EC-4558F4461A19}.Release|iPhone.ActiveCfg = Release|Any CPU
		{6C10BA9F-B90D-4EFB-86EC-4558F4461A19}.Release|iPhone.Build.0 = Release|Any CPU
		{6C10BA9F-B90D-4EFB-86EC-4558F4461A19}.Ad-Hoc|iPhone.ActiveCfg = Debug|Any CPU
		{6C10BA9F-B90D-4EFB-86EC-4558F4461A19}.Ad-Hoc|iPhone.Build.0 = Debug|Any CPU
		{6C10BA9F-B90D-4EFB-86EC-4558F4461A19}.AppStore|iPhone.ActiveCfg = Debug|Any CPU
		{6C10BA9F-B90D-4EFB-86EC-4558F4461A19}.AppStore|iPhone.Build.0 = Debug|Any CPU
		{6C10BA9F-B90D-4EFB-86EC-4558F4461A19}.DebugXML|Any CPU.ActiveCfg = Debug|Any CPU
		{6C10BA9F-B90D-4EFB-86EC-4558F4461A19}.DebugXML|Any CPU.Build.0 = Debug|Any CPU
		{6C10BA9F-B90D-4EFB-86EC-4558F4461A19}.DebugJSON|Any CPU.ActiveCfg = Debug|Any CPU
		{6C10BA9F-B90D-4EFB-86EC-4558F4461A19}.DebugJSON|Any CPU.Build.0 = Debug|Any CPU
		{6C10BA9F-B90D-4EFB-86EC-4558F4461A19}.DebugJson|Any CPU.ActiveCfg = Debug|Any CPU
		{6C10BA9F-B90D-4EFB-86EC-4558F4461A19}.DebugJson|Any CPU.Build.0 = Debug|Any CPU
		{6C10BA9F-B90D-4EFB-86EC-4558F4461A19}.Samples|Any CPU.ActiveCfg = Debug|Any CPU
		{6C10BA9F-B90D-4EFB-86EC-4558F4461A19}.Samples|Any CPU.Build.0 = Debug|Any CPU
		{35BCDEB3-FF3E-4688-A415-D0FA5823AA5D}.Debug|Any CPU.ActiveCfg = Debug|Any CPU
		{35BCDEB3-FF3E-4688-A415-D0FA5823AA5D}.Debug|Any CPU.Build.0 = Debug|Any CPU
		{35BCDEB3-FF3E-4688-A415-D0FA5823AA5D}.Release|Any CPU.ActiveCfg = Release|Any CPU
		{35BCDEB3-FF3E-4688-A415-D0FA5823AA5D}.Release|Any CPU.Build.0 = Release|Any CPU
		{35BCDEB3-FF3E-4688-A415-D0FA5823AA5D}.Debug|iPhoneSimulator.ActiveCfg = Debug|Any CPU
		{35BCDEB3-FF3E-4688-A415-D0FA5823AA5D}.Debug|iPhoneSimulator.Build.0 = Debug|Any CPU
		{35BCDEB3-FF3E-4688-A415-D0FA5823AA5D}.Release|iPhoneSimulator.ActiveCfg = Release|Any CPU
		{35BCDEB3-FF3E-4688-A415-D0FA5823AA5D}.Release|iPhoneSimulator.Build.0 = Release|Any CPU
		{35BCDEB3-FF3E-4688-A415-D0FA5823AA5D}.Debug|iPhone.ActiveCfg = Debug|Any CPU
		{35BCDEB3-FF3E-4688-A415-D0FA5823AA5D}.Debug|iPhone.Build.0 = Debug|Any CPU
		{35BCDEB3-FF3E-4688-A415-D0FA5823AA5D}.Release|iPhone.ActiveCfg = Release|Any CPU
		{35BCDEB3-FF3E-4688-A415-D0FA5823AA5D}.Release|iPhone.Build.0 = Release|Any CPU
		{35BCDEB3-FF3E-4688-A415-D0FA5823AA5D}.Ad-Hoc|iPhone.ActiveCfg = Debug|Any CPU
		{35BCDEB3-FF3E-4688-A415-D0FA5823AA5D}.Ad-Hoc|iPhone.Build.0 = Debug|Any CPU
		{35BCDEB3-FF3E-4688-A415-D0FA5823AA5D}.AppStore|iPhone.ActiveCfg = Debug|Any CPU
		{35BCDEB3-FF3E-4688-A415-D0FA5823AA5D}.AppStore|iPhone.Build.0 = Debug|Any CPU
		{35BCDEB3-FF3E-4688-A415-D0FA5823AA5D}.DebugXML|Any CPU.ActiveCfg = Debug|Any CPU
		{35BCDEB3-FF3E-4688-A415-D0FA5823AA5D}.DebugXML|Any CPU.Build.0 = Debug|Any CPU
		{35BCDEB3-FF3E-4688-A415-D0FA5823AA5D}.DebugJSON|Any CPU.ActiveCfg = Debug|Any CPU
		{35BCDEB3-FF3E-4688-A415-D0FA5823AA5D}.DebugJSON|Any CPU.Build.0 = Debug|Any CPU
		{35BCDEB3-FF3E-4688-A415-D0FA5823AA5D}.DebugJson|Any CPU.ActiveCfg = Debug|Any CPU
		{35BCDEB3-FF3E-4688-A415-D0FA5823AA5D}.DebugJson|Any CPU.Build.0 = Debug|Any CPU
		{35BCDEB3-FF3E-4688-A415-D0FA5823AA5D}.Samples|Any CPU.ActiveCfg = Debug|Any CPU
		{35BCDEB3-FF3E-4688-A415-D0FA5823AA5D}.Samples|Any CPU.Build.0 = Debug|Any CPU
		{7756A49E-2193-49A2-ABD1-30E2D69FD37A}.Debug|Any CPU.ActiveCfg = Debug|Any CPU
		{7756A49E-2193-49A2-ABD1-30E2D69FD37A}.Debug|Any CPU.Build.0 = Debug|Any CPU
		{7756A49E-2193-49A2-ABD1-30E2D69FD37A}.Release|Any CPU.ActiveCfg = Release|Any CPU
		{7756A49E-2193-49A2-ABD1-30E2D69FD37A}.Release|Any CPU.Build.0 = Release|Any CPU
		{7756A49E-2193-49A2-ABD1-30E2D69FD37A}.Debug|iPhoneSimulator.ActiveCfg = Debug|Any CPU
		{7756A49E-2193-49A2-ABD1-30E2D69FD37A}.Debug|iPhoneSimulator.Build.0 = Debug|Any CPU
		{7756A49E-2193-49A2-ABD1-30E2D69FD37A}.Release|iPhoneSimulator.ActiveCfg = Release|Any CPU
		{7756A49E-2193-49A2-ABD1-30E2D69FD37A}.Release|iPhoneSimulator.Build.0 = Release|Any CPU
		{7756A49E-2193-49A2-ABD1-30E2D69FD37A}.Debug|iPhone.ActiveCfg = Debug|Any CPU
		{7756A49E-2193-49A2-ABD1-30E2D69FD37A}.Debug|iPhone.Build.0 = Debug|Any CPU
		{7756A49E-2193-49A2-ABD1-30E2D69FD37A}.Release|iPhone.ActiveCfg = Release|Any CPU
		{7756A49E-2193-49A2-ABD1-30E2D69FD37A}.Release|iPhone.Build.0 = Release|Any CPU
		{7756A49E-2193-49A2-ABD1-30E2D69FD37A}.Ad-Hoc|iPhone.ActiveCfg = Debug|Any CPU
		{7756A49E-2193-49A2-ABD1-30E2D69FD37A}.Ad-Hoc|iPhone.Build.0 = Debug|Any CPU
		{7756A49E-2193-49A2-ABD1-30E2D69FD37A}.AppStore|iPhone.ActiveCfg = Debug|Any CPU
		{7756A49E-2193-49A2-ABD1-30E2D69FD37A}.AppStore|iPhone.Build.0 = Debug|Any CPU
		{7756A49E-2193-49A2-ABD1-30E2D69FD37A}.DebugXML|Any CPU.ActiveCfg = Debug|Any CPU
		{7756A49E-2193-49A2-ABD1-30E2D69FD37A}.DebugXML|Any CPU.Build.0 = Debug|Any CPU
		{7756A49E-2193-49A2-ABD1-30E2D69FD37A}.DebugJSON|Any CPU.ActiveCfg = Debug|Any CPU
		{7756A49E-2193-49A2-ABD1-30E2D69FD37A}.DebugJSON|Any CPU.Build.0 = Debug|Any CPU
		{7756A49E-2193-49A2-ABD1-30E2D69FD37A}.DebugJson|Any CPU.ActiveCfg = Debug|Any CPU
		{7756A49E-2193-49A2-ABD1-30E2D69FD37A}.DebugJson|Any CPU.Build.0 = Debug|Any CPU
		{7756A49E-2193-49A2-ABD1-30E2D69FD37A}.Samples|Any CPU.ActiveCfg = Debug|Any CPU
		{7756A49E-2193-49A2-ABD1-30E2D69FD37A}.Samples|Any CPU.Build.0 = Debug|Any CPU
		{00CFB4BD-14EB-4A35-8EBE-50E060EA45E4}.Debug|Any CPU.ActiveCfg = Debug|Any CPU
		{00CFB4BD-14EB-4A35-8EBE-50E060EA45E4}.Debug|Any CPU.Build.0 = Debug|Any CPU
		{00CFB4BD-14EB-4A35-8EBE-50E060EA45E4}.Release|Any CPU.ActiveCfg = Release|Any CPU
		{00CFB4BD-14EB-4A35-8EBE-50E060EA45E4}.Release|Any CPU.Build.0 = Release|Any CPU
		{00CFB4BD-14EB-4A35-8EBE-50E060EA45E4}.Debug|iPhoneSimulator.ActiveCfg = Debug|Any CPU
		{00CFB4BD-14EB-4A35-8EBE-50E060EA45E4}.Debug|iPhoneSimulator.Build.0 = Debug|Any CPU
		{00CFB4BD-14EB-4A35-8EBE-50E060EA45E4}.Release|iPhoneSimulator.ActiveCfg = Release|Any CPU
		{00CFB4BD-14EB-4A35-8EBE-50E060EA45E4}.Release|iPhoneSimulator.Build.0 = Release|Any CPU
		{00CFB4BD-14EB-4A35-8EBE-50E060EA45E4}.Debug|iPhone.ActiveCfg = Debug|Any CPU
		{00CFB4BD-14EB-4A35-8EBE-50E060EA45E4}.Debug|iPhone.Build.0 = Debug|Any CPU
		{00CFB4BD-14EB-4A35-8EBE-50E060EA45E4}.Release|iPhone.ActiveCfg = Release|Any CPU
		{00CFB4BD-14EB-4A35-8EBE-50E060EA45E4}.Release|iPhone.Build.0 = Release|Any CPU
		{00CFB4BD-14EB-4A35-8EBE-50E060EA45E4}.Ad-Hoc|iPhone.ActiveCfg = Debug|Any CPU
		{00CFB4BD-14EB-4A35-8EBE-50E060EA45E4}.Ad-Hoc|iPhone.Build.0 = Debug|Any CPU
		{00CFB4BD-14EB-4A35-8EBE-50E060EA45E4}.AppStore|iPhone.ActiveCfg = Debug|Any CPU
		{00CFB4BD-14EB-4A35-8EBE-50E060EA45E4}.AppStore|iPhone.Build.0 = Debug|Any CPU
		{00CFB4BD-14EB-4A35-8EBE-50E060EA45E4}.DebugXML|Any CPU.ActiveCfg = Debug|Any CPU
		{00CFB4BD-14EB-4A35-8EBE-50E060EA45E4}.DebugXML|Any CPU.Build.0 = Debug|Any CPU
		{00CFB4BD-14EB-4A35-8EBE-50E060EA45E4}.DebugJSON|Any CPU.ActiveCfg = Debug|Any CPU
		{00CFB4BD-14EB-4A35-8EBE-50E060EA45E4}.DebugJSON|Any CPU.Build.0 = Debug|Any CPU
		{00CFB4BD-14EB-4A35-8EBE-50E060EA45E4}.DebugJson|Any CPU.ActiveCfg = Debug|Any CPU
		{00CFB4BD-14EB-4A35-8EBE-50E060EA45E4}.DebugJson|Any CPU.Build.0 = Debug|Any CPU
		{00CFB4BD-14EB-4A35-8EBE-50E060EA45E4}.Samples|Any CPU.ActiveCfg = Debug|Any CPU
		{00CFB4BD-14EB-4A35-8EBE-50E060EA45E4}.Samples|Any CPU.Build.0 = Debug|Any CPU
		{25977592-827B-46FC-A38D-BDA3B5A79712}.Debug|Any CPU.ActiveCfg = Debug|Any CPU
		{25977592-827B-46FC-A38D-BDA3B5A79712}.Debug|Any CPU.Build.0 = Debug|Any CPU
		{25977592-827B-46FC-A38D-BDA3B5A79712}.Release|Any CPU.ActiveCfg = Release|Any CPU
		{25977592-827B-46FC-A38D-BDA3B5A79712}.Release|Any CPU.Build.0 = Release|Any CPU
		{25977592-827B-46FC-A38D-BDA3B5A79712}.Debug|iPhoneSimulator.ActiveCfg = Debug|Any CPU
		{25977592-827B-46FC-A38D-BDA3B5A79712}.Debug|iPhoneSimulator.Build.0 = Debug|Any CPU
		{25977592-827B-46FC-A38D-BDA3B5A79712}.Release|iPhoneSimulator.ActiveCfg = Release|Any CPU
		{25977592-827B-46FC-A38D-BDA3B5A79712}.Release|iPhoneSimulator.Build.0 = Release|Any CPU
		{25977592-827B-46FC-A38D-BDA3B5A79712}.Debug|iPhone.ActiveCfg = Debug|Any CPU
		{25977592-827B-46FC-A38D-BDA3B5A79712}.Debug|iPhone.Build.0 = Debug|Any CPU
		{25977592-827B-46FC-A38D-BDA3B5A79712}.Release|iPhone.ActiveCfg = Release|Any CPU
		{25977592-827B-46FC-A38D-BDA3B5A79712}.Release|iPhone.Build.0 = Release|Any CPU
		{25977592-827B-46FC-A38D-BDA3B5A79712}.Ad-Hoc|iPhone.ActiveCfg = Debug|Any CPU
		{25977592-827B-46FC-A38D-BDA3B5A79712}.Ad-Hoc|iPhone.Build.0 = Debug|Any CPU
		{25977592-827B-46FC-A38D-BDA3B5A79712}.AppStore|iPhone.ActiveCfg = Debug|Any CPU
		{25977592-827B-46FC-A38D-BDA3B5A79712}.AppStore|iPhone.Build.0 = Debug|Any CPU
		{25977592-827B-46FC-A38D-BDA3B5A79712}.DebugXML|Any CPU.ActiveCfg = Debug|Any CPU
		{25977592-827B-46FC-A38D-BDA3B5A79712}.DebugXML|Any CPU.Build.0 = Debug|Any CPU
		{25977592-827B-46FC-A38D-BDA3B5A79712}.DebugJSON|Any CPU.ActiveCfg = Debug|Any CPU
		{25977592-827B-46FC-A38D-BDA3B5A79712}.DebugJSON|Any CPU.Build.0 = Debug|Any CPU
		{25977592-827B-46FC-A38D-BDA3B5A79712}.DebugJson|Any CPU.ActiveCfg = Debug|Any CPU
		{25977592-827B-46FC-A38D-BDA3B5A79712}.DebugJson|Any CPU.Build.0 = Debug|Any CPU
		{25977592-827B-46FC-A38D-BDA3B5A79712}.Samples|Any CPU.ActiveCfg = Debug|Any CPU
		{25977592-827B-46FC-A38D-BDA3B5A79712}.Samples|Any CPU.Build.0 = Debug|Any CPU
		{261CC97C-17BB-46FF-A445-5A14A4524F6C}.Debug|Any CPU.ActiveCfg = Debug|Any CPU
		{261CC97C-17BB-46FF-A445-5A14A4524F6C}.Debug|Any CPU.Build.0 = Debug|Any CPU
		{261CC97C-17BB-46FF-A445-5A14A4524F6C}.Release|Any CPU.ActiveCfg = Release|Any CPU
		{261CC97C-17BB-46FF-A445-5A14A4524F6C}.Release|Any CPU.Build.0 = Release|Any CPU
		{261CC97C-17BB-46FF-A445-5A14A4524F6C}.Debug|iPhoneSimulator.ActiveCfg = Debug|Any CPU
		{261CC97C-17BB-46FF-A445-5A14A4524F6C}.Debug|iPhoneSimulator.Build.0 = Debug|Any CPU
		{261CC97C-17BB-46FF-A445-5A14A4524F6C}.Release|iPhoneSimulator.ActiveCfg = Release|Any CPU
		{261CC97C-17BB-46FF-A445-5A14A4524F6C}.Release|iPhoneSimulator.Build.0 = Release|Any CPU
		{261CC97C-17BB-46FF-A445-5A14A4524F6C}.Debug|iPhone.ActiveCfg = Debug|Any CPU
		{261CC97C-17BB-46FF-A445-5A14A4524F6C}.Debug|iPhone.Build.0 = Debug|Any CPU
		{261CC97C-17BB-46FF-A445-5A14A4524F6C}.Release|iPhone.ActiveCfg = Release|Any CPU
		{261CC97C-17BB-46FF-A445-5A14A4524F6C}.Release|iPhone.Build.0 = Release|Any CPU
		{261CC97C-17BB-46FF-A445-5A14A4524F6C}.Ad-Hoc|iPhone.ActiveCfg = Release|Any CPU
		{261CC97C-17BB-46FF-A445-5A14A4524F6C}.Ad-Hoc|iPhone.Build.0 = Release|Any CPU
		{261CC97C-17BB-46FF-A445-5A14A4524F6C}.AppStore|iPhone.ActiveCfg = Release|Any CPU
		{261CC97C-17BB-46FF-A445-5A14A4524F6C}.AppStore|iPhone.Build.0 = Release|Any CPU
		{261CC97C-17BB-46FF-A445-5A14A4524F6C}.DebugXML|Any CPU.ActiveCfg = Debug|Any CPU
		{261CC97C-17BB-46FF-A445-5A14A4524F6C}.DebugXML|Any CPU.Build.0 = Debug|Any CPU
		{261CC97C-17BB-46FF-A445-5A14A4524F6C}.DebugJSON|Any CPU.ActiveCfg = Debug|Any CPU
		{261CC97C-17BB-46FF-A445-5A14A4524F6C}.DebugJSON|Any CPU.Build.0 = Debug|Any CPU
		{261CC97C-17BB-46FF-A445-5A14A4524F6C}.DebugJson|Any CPU.ActiveCfg = Debug|Any CPU
		{261CC97C-17BB-46FF-A445-5A14A4524F6C}.DebugJson|Any CPU.Build.0 = Debug|Any CPU
		{261CC97C-17BB-46FF-A445-5A14A4524F6C}.Samples|Any CPU.ActiveCfg = Debug|Any CPU
		{261CC97C-17BB-46FF-A445-5A14A4524F6C}.Samples|Any CPU.Build.0 = Debug|Any CPU
	EndGlobalSection
	GlobalSection(NestedProjects) = preSolution
		{261CC97C-17BB-46FF-A445-5A14A4524F6C} = {FA4687CF-24F2-4045-9C9A-5EDB31756952}
	EndGlobalSection
EndGlobal
